
Microsoft Visual Studio Solution File, Format Version 12.00
# Visual Studio 15
VisualStudioVersion = 15.0.28307.960
MinimumVisualStudioVersion = 10.0.40219.1
Project("{FAE04EC0-301F-11D3-BF4B-00C04F79EFBC}") = "SISApp", "SISApp\SISApp.csproj", "{C31EC570-5C70-4A23-A342-EB3BB00EF85F}"
EndProject
Project("{FAE04EC0-301F-11D3-BF4B-00C04F79EFBC}") = "SISAppIsKatmanı", "SISAppIsKatmanı\SISAppIsKatmanı.csproj", "{952206BA-98A7-4BB5-9BDA-4934EB3866AD}"
EndProject
Project("{FAE04EC0-301F-11D3-BF4B-00C04F79EFBC}") = "SISAppVeriErisimKatmani", "SISAppVeriErisimKatmani\SISAppVeriErisimKatmani.csproj", "{7DBEDA0E-B2CE-4AC9-81E5-F58ED1D32F8D}"
EndProject
Project("{FAE04EC0-301F-11D3-BF4B-00C04F79EFBC}") = "SISAppVarliklar", "SISAppVarliklar\SISAppVarliklar.csproj", "{210BD4A1-070F-4352-A318-1345357E1C9A}"
EndProject
Global
	GlobalSection(SolutionConfigurationPlatforms) = preSolution
		Debug|Any CPU = Debug|Any CPU
		Release|Any CPU = Release|Any CPU
	EndGlobalSection
	GlobalSection(ProjectConfigurationPlatforms) = postSolution
		{C31EC570-5C70-4A23-A342-EB3BB00EF85F}.Debug|Any CPU.ActiveCfg = Debug|Any CPU
		{C31EC570-5C70-4A23-A342-EB3BB00EF85F}.Debug|Any CPU.Build.0 = Debug|Any CPU
		{C31EC570-5C70-4A23-A342-EB3BB00EF85F}.Release|Any CPU.ActiveCfg = Release|Any CPU
		{C31EC570-5C70-4A23-A342-EB3BB00EF85F}.Release|Any CPU.Build.0 = Release|Any CPU
		{952206BA-98A7-4BB5-9BDA-4934EB3866AD}.Debug|Any CPU.ActiveCfg = Debug|Any CPU
		{952206BA-98A7-4BB5-9BDA-4934EB3866AD}.Debug|Any CPU.Build.0 = Debug|Any CPU
		{952206BA-98A7-4BB5-9BDA-4934EB3866AD}.Release|Any CPU.ActiveCfg = Release|Any CPU
		{952206BA-98A7-4BB5-9BDA-4934EB3866AD}.Release|Any CPU.Build.0 = Release|Any CPU
		{7DBEDA0E-B2CE-4AC9-81E5-F58ED1D32F8D}.Debug|Any CPU.ActiveCfg = Debug|Any CPU
		{7DBEDA0E-B2CE-4AC9-81E5-F58ED1D32F8D}.Debug|Any CPU.Build.0 = Debug|Any CPU
		{7DBEDA0E-B2CE-4AC9-81E5-F58ED1D32F8D}.Release|Any CPU.ActiveCfg = Release|Any CPU
		{7DBEDA0E-B2CE-4AC9-81E5-F58ED1D32F8D}.Release|Any CPU.Build.0 = Release|Any CPU
		{210BD4A1-070F-4352-A318-1345357E1C9A}.Debug|Any CPU.ActiveCfg = Debug|Any CPU
		{210BD4A1-070F-4352-A318-1345357E1C9A}.Debug|Any CPU.Build.0 = Debug|Any CPU
		{210BD4A1-070F-4352-A318-1345357E1C9A}.Release|Any CPU.ActiveCfg = Release|Any CPU
		{210BD4A1-070F-4352-A318-1345357E1C9A}.Release|Any CPU.Build.0 = Release|Any CPU
	EndGlobalSection
	GlobalSection(SolutionProperties) = preSolution
		HideSolutionNode = FALSE
	EndGlobalSection
	GlobalSection(ExtensibilityGlobals) = postSolution
		SolutionGuid = {EF0F271D-2920-4423-8B78-D78031E3BBC0}
	EndGlobalSection
EndGlobal
