
Microsoft Visual Studio Solution File, Format Version 12.00
# Visual Studio 15
VisualStudioVersion = 15.0.28307.960
MinimumVisualStudioVersion = 10.0.40219.1
Project("{FAE04EC0-301F-11D3-BF4B-00C04F79EFBC}") = "Introduction", "Alistirmalar\Introduction.csproj", "{A2610E88-F9BF-4EAE-9612-454784C1222D}"
EndProject
Project("{FAE04EC0-301F-11D3-BF4B-00C04F79EFBC}") = "PersonelCrud", "Alistirma2\PersonelCrud.csproj", "{30BEB695-9A51-4948-8294-478106412C6A}"
EndProject
Project("{FAE04EC0-301F-11D3-BF4B-00C04F79EFBC}") = "RastgeleSayiUret", "Uygulamalar\RastgeleSayiUret.csproj", "{F5FE81E8-1F67-4C74-B0D0-F8586A594039}"
EndProject
Project("{FAE04EC0-301F-11D3-BF4B-00C04F79EFBC}") = "Yazdir", "Yazdir\Yazdir.csproj", "{08BAF56B-5EB0-4337-A956-B4420B8A9E52}"
EndProject
Project("{FAE04EC0-301F-11D3-BF4B-00C04F79EFBC}") = "SifirlariGosterme", "SifirlariGosterme\SifirlariGosterme.csproj", "{99E494D5-A28A-430A-80C7-3091C61C9855}"
EndProject
Project("{FAE04EC0-301F-11D3-BF4B-00C04F79EFBC}") = "TekSayilariDondur", "TekSayilariDondur\TekSayilariDondur.csproj", "{418A042F-8623-46E3-A262-A8C9A0030DF9}"
EndProject
Project("{FAE04EC0-301F-11D3-BF4B-00C04F79EFBC}") = "MinMaxBul", "MinMaxBul\MinMaxBul.csproj", "{6F1AF031-C60B-4915-B00A-0B46A9ADF99E}"
EndProject
Project("{FAE04EC0-301F-11D3-BF4B-00C04F79EFBC}") = "KareleriDondur", "KareleriDondur\KareleriDondur.csproj", "{AE505C10-161D-4433-B199-6BF31A7D43BB}"
EndProject
Project("{FAE04EC0-301F-11D3-BF4B-00C04F79EFBC}") = "SayiUret", "SayiUret\SayiUret.csproj", "{6F403FEA-3106-4B3E-868C-7FDF66E3C6FE}"
EndProject
Project("{FAE04EC0-301F-11D3-BF4B-00C04F79EFBC}") = "ListToString", "ListToString\ListToString.csproj", "{6D7C9060-45E8-4B31-80C0-158A6845DC19}"
EndProject
Project("{FAE04EC0-301F-11D3-BF4B-00C04F79EFBC}") = "IkiSayiBirIslem", "IkiSayiBirIslem\IkiSayiBirIslem.csproj", "{87FEA3AD-2288-4CC0-82C4-9AAA94A76177}"
EndProject
Project("{FAE04EC0-301F-11D3-BF4B-00C04F79EFBC}") = "DenemeProjesi", "DenemeProjesi\DenemeProjesi.csproj", "{D9F90281-21E2-41F2-8B9F-0D35F1E6CEAF}"
EndProject
Project("{FAE04EC0-301F-11D3-BF4B-00C04F79EFBC}") = "MakeItFloat", "MakeItFloat\MakeItFloat.csproj", "{47ADDF45-B21F-493C-9AFF-82392192C3CC}"
EndProject
Project("{FAE04EC0-301F-11D3-BF4B-00C04F79EFBC}") = "KareleriniAl", "KareleriniAl\KareleriniAl.csproj", "{11AE977E-967F-4B85-A960-B2533DF7EE7E}"
EndProject
Project("{FAE04EC0-301F-11D3-BF4B-00C04F79EFBC}") = "ParamsCalismalar", "ParamsCalismalar\ParamsCalismalar.csproj", "{EC6BD42B-DCB6-4072-B766-2AE664DA9BB3}"
EndProject
Project("{FAE04EC0-301F-11D3-BF4B-00C04F79EFBC}") = "DatetimeCalismalar", "DatetimeCalismalar\DatetimeCalismalar.csproj", "{1F90BDD2-91F3-4976-AF25-BE861DE800FA}"
EndProject
Project("{FAE04EC0-301F-11D3-BF4B-00C04F79EFBC}") = "StringIslemleri", "StringIslemleri\StringIslemleri.csproj", "{AF17F631-2CAC-4B8A-8591-D72F5F409779}"
EndProject
Project("{FAE04EC0-301F-11D3-BF4B-00C04F79EFBC}") = "CarpimTablosu", "CarpimTablosu\CarpimTablosu.csproj", "{51114326-B069-433D-8CE2-7FA7E009D542}"
EndProject
Project("{FAE04EC0-301F-11D3-BF4B-00C04F79EFBC}") = "YildizlardanUcgen", "YildizlardanUcgen\YildizlardanUcgen.csproj", "{AFCE0126-4190-4E4D-B8D3-F7747FAF06D4}"
EndProject
Project("{FAE04EC0-301F-11D3-BF4B-00C04F79EFBC}") = "CrudIslemleri", "CrudIslemleri\CrudIslemleri.csproj", "{106E5EA8-E46B-4EDD-8E74-429CDDC5EE61}"
EndProject
Project("{FAE04EC0-301F-11D3-BF4B-00C04F79EFBC}") = "SayiTahmini", "SayiTahmini\SayiTahmini.csproj", "{B63E2FDB-7D35-499B-A7C9-11AF9CA1E542}"
EndProject
Project("{FAE04EC0-301F-11D3-BF4B-00C04F79EFBC}") = "KarekokGetir", "KarekokGetir\KarekokGetir.csproj", "{8E39B787-C566-4D09-B6D0-1350187D9232}"
EndProject
Project("{FAE04EC0-301F-11D3-BF4B-00C04F79EFBC}") = "TryCatch", "TryCatch\TryCatch.csproj", "{7DA46DFC-821F-4823-8D4A-74566A70A9AC}"
EndProject
Global
	GlobalSection(SolutionConfigurationPlatforms) = preSolution
		Debug|Any CPU = Debug|Any CPU
		Release|Any CPU = Release|Any CPU
	EndGlobalSection
	GlobalSection(ProjectConfigurationPlatforms) = postSolution
		{A2610E88-F9BF-4EAE-9612-454784C1222D}.Debug|Any CPU.ActiveCfg = Debug|Any CPU
		{A2610E88-F9BF-4EAE-9612-454784C1222D}.Debug|Any CPU.Build.0 = Debug|Any CPU
		{A2610E88-F9BF-4EAE-9612-454784C1222D}.Release|Any CPU.ActiveCfg = Release|Any CPU
		{A2610E88-F9BF-4EAE-9612-454784C1222D}.Release|Any CPU.Build.0 = Release|Any CPU
		{30BEB695-9A51-4948-8294-478106412C6A}.Debug|Any CPU.ActiveCfg = Debug|Any CPU
		{30BEB695-9A51-4948-8294-478106412C6A}.Debug|Any CPU.Build.0 = Debug|Any CPU
		{30BEB695-9A51-4948-8294-478106412C6A}.Release|Any CPU.ActiveCfg = Release|Any CPU
		{30BEB695-9A51-4948-8294-478106412C6A}.Release|Any CPU.Build.0 = Release|Any CPU
		{F5FE81E8-1F67-4C74-B0D0-F8586A594039}.Debug|Any CPU.ActiveCfg = Debug|Any CPU
		{F5FE81E8-1F67-4C74-B0D0-F8586A594039}.Debug|Any CPU.Build.0 = Debug|Any CPU
		{F5FE81E8-1F67-4C74-B0D0-F8586A594039}.Release|Any CPU.ActiveCfg = Release|Any CPU
		{F5FE81E8-1F67-4C74-B0D0-F8586A594039}.Release|Any CPU.Build.0 = Release|Any CPU
		{08BAF56B-5EB0-4337-A956-B4420B8A9E52}.Debug|Any CPU.ActiveCfg = Debug|Any CPU
		{08BAF56B-5EB0-4337-A956-B4420B8A9E52}.Debug|Any CPU.Build.0 = Debug|Any CPU
		{08BAF56B-5EB0-4337-A956-B4420B8A9E52}.Release|Any CPU.ActiveCfg = Release|Any CPU
		{08BAF56B-5EB0-4337-A956-B4420B8A9E52}.Release|Any CPU.Build.0 = Release|Any CPU
		{99E494D5-A28A-430A-80C7-3091C61C9855}.Debug|Any CPU.ActiveCfg = Debug|Any CPU
		{99E494D5-A28A-430A-80C7-3091C61C9855}.Debug|Any CPU.Build.0 = Debug|Any CPU
		{99E494D5-A28A-430A-80C7-3091C61C9855}.Release|Any CPU.ActiveCfg = Release|Any CPU
		{99E494D5-A28A-430A-80C7-3091C61C9855}.Release|Any CPU.Build.0 = Release|Any CPU
		{418A042F-8623-46E3-A262-A8C9A0030DF9}.Debug|Any CPU.ActiveCfg = Debug|Any CPU
		{418A042F-8623-46E3-A262-A8C9A0030DF9}.Debug|Any CPU.Build.0 = Debug|Any CPU
		{418A042F-8623-46E3-A262-A8C9A0030DF9}.Release|Any CPU.ActiveCfg = Release|Any CPU
		{418A042F-8623-46E3-A262-A8C9A0030DF9}.Release|Any CPU.Build.0 = Release|Any CPU
		{6F1AF031-C60B-4915-B00A-0B46A9ADF99E}.Debug|Any CPU.ActiveCfg = Debug|Any CPU
		{6F1AF031-C60B-4915-B00A-0B46A9ADF99E}.Debug|Any CPU.Build.0 = Debug|Any CPU
		{6F1AF031-C60B-4915-B00A-0B46A9ADF99E}.Release|Any CPU.ActiveCfg = Release|Any CPU
		{6F1AF031-C60B-4915-B00A-0B46A9ADF99E}.Release|Any CPU.Build.0 = Release|Any CPU
		{AE505C10-161D-4433-B199-6BF31A7D43BB}.Debug|Any CPU.ActiveCfg = Debug|Any CPU
		{AE505C10-161D-4433-B199-6BF31A7D43BB}.Debug|Any CPU.Build.0 = Debug|Any CPU
		{AE505C10-161D-4433-B199-6BF31A7D43BB}.Release|Any CPU.ActiveCfg = Release|Any CPU
		{AE505C10-161D-4433-B199-6BF31A7D43BB}.Release|Any CPU.Build.0 = Release|Any CPU
		{6F403FEA-3106-4B3E-868C-7FDF66E3C6FE}.Debug|Any CPU.ActiveCfg = Debug|Any CPU
		{6F403FEA-3106-4B3E-868C-7FDF66E3C6FE}.Debug|Any CPU.Build.0 = Debug|Any CPU
		{6F403FEA-3106-4B3E-868C-7FDF66E3C6FE}.Release|Any CPU.ActiveCfg = Release|Any CPU
		{6F403FEA-3106-4B3E-868C-7FDF66E3C6FE}.Release|Any CPU.Build.0 = Release|Any CPU
		{6D7C9060-45E8-4B31-80C0-158A6845DC19}.Debug|Any CPU.ActiveCfg = Debug|Any CPU
		{6D7C9060-45E8-4B31-80C0-158A6845DC19}.Debug|Any CPU.Build.0 = Debug|Any CPU
		{6D7C9060-45E8-4B31-80C0-158A6845DC19}.Release|Any CPU.ActiveCfg = Release|Any CPU
		{6D7C9060-45E8-4B31-80C0-158A6845DC19}.Release|Any CPU.Build.0 = Release|Any CPU
		{87FEA3AD-2288-4CC0-82C4-9AAA94A76177}.Debug|Any CPU.ActiveCfg = Debug|Any CPU
		{87FEA3AD-2288-4CC0-82C4-9AAA94A76177}.Debug|Any CPU.Build.0 = Debug|Any CPU
		{87FEA3AD-2288-4CC0-82C4-9AAA94A76177}.Release|Any CPU.ActiveCfg = Release|Any CPU
		{87FEA3AD-2288-4CC0-82C4-9AAA94A76177}.Release|Any CPU.Build.0 = Release|Any CPU
		{D9F90281-21E2-41F2-8B9F-0D35F1E6CEAF}.Debug|Any CPU.ActiveCfg = Debug|Any CPU
		{D9F90281-21E2-41F2-8B9F-0D35F1E6CEAF}.Debug|Any CPU.Build.0 = Debug|Any CPU
		{D9F90281-21E2-41F2-8B9F-0D35F1E6CEAF}.Release|Any CPU.ActiveCfg = Release|Any CPU
		{D9F90281-21E2-41F2-8B9F-0D35F1E6CEAF}.Release|Any CPU.Build.0 = Release|Any CPU
		{47ADDF45-B21F-493C-9AFF-82392192C3CC}.Debug|Any CPU.ActiveCfg = Debug|Any CPU
		{47ADDF45-B21F-493C-9AFF-82392192C3CC}.Debug|Any CPU.Build.0 = Debug|Any CPU
		{47ADDF45-B21F-493C-9AFF-82392192C3CC}.Release|Any CPU.ActiveCfg = Release|Any CPU
		{47ADDF45-B21F-493C-9AFF-82392192C3CC}.Release|Any CPU.Build.0 = Release|Any CPU
		{11AE977E-967F-4B85-A960-B2533DF7EE7E}.Debug|Any CPU.ActiveCfg = Debug|Any CPU
		{11AE977E-967F-4B85-A960-B2533DF7EE7E}.Debug|Any CPU.Build.0 = Debug|Any CPU
		{11AE977E-967F-4B85-A960-B2533DF7EE7E}.Release|Any CPU.ActiveCfg = Release|Any CPU
		{11AE977E-967F-4B85-A960-B2533DF7EE7E}.Release|Any CPU.Build.0 = Release|Any CPU
		{EC6BD42B-DCB6-4072-B766-2AE664DA9BB3}.Debug|Any CPU.ActiveCfg = Debug|Any CPU
		{EC6BD42B-DCB6-4072-B766-2AE664DA9BB3}.Debug|Any CPU.Build.0 = Debug|Any CPU
		{EC6BD42B-DCB6-4072-B766-2AE664DA9BB3}.Release|Any CPU.ActiveCfg = Release|Any CPU
		{EC6BD42B-DCB6-4072-B766-2AE664DA9BB3}.Release|Any CPU.Build.0 = Release|Any CPU
		{1F90BDD2-91F3-4976-AF25-BE861DE800FA}.Debug|Any CPU.ActiveCfg = Debug|Any CPU
		{1F90BDD2-91F3-4976-AF25-BE861DE800FA}.Debug|Any CPU.Build.0 = Debug|Any CPU
		{1F90BDD2-91F3-4976-AF25-BE861DE800FA}.Release|Any CPU.ActiveCfg = Release|Any CPU
		{1F90BDD2-91F3-4976-AF25-BE861DE800FA}.Release|Any CPU.Build.0 = Release|Any CPU
		{AF17F631-2CAC-4B8A-8591-D72F5F409779}.Debug|Any CPU.ActiveCfg = Debug|Any CPU
		{AF17F631-2CAC-4B8A-8591-D72F5F409779}.Debug|Any CPU.Build.0 = Debug|Any CPU
		{AF17F631-2CAC-4B8A-8591-D72F5F409779}.Release|Any CPU.ActiveCfg = Release|Any CPU
		{AF17F631-2CAC-4B8A-8591-D72F5F409779}.Release|Any CPU.Build.0 = Release|Any CPU
		{51114326-B069-433D-8CE2-7FA7E009D542}.Debug|Any CPU.ActiveCfg = Debug|Any CPU
		{51114326-B069-433D-8CE2-7FA7E009D542}.Debug|Any CPU.Build.0 = Debug|Any CPU
		{51114326-B069-433D-8CE2-7FA7E009D542}.Release|Any CPU.ActiveCfg = Release|Any CPU
		{51114326-B069-433D-8CE2-7FA7E009D542}.Release|Any CPU.Build.0 = Release|Any CPU
		{AFCE0126-4190-4E4D-B8D3-F7747FAF06D4}.Debug|Any CPU.ActiveCfg = Debug|Any CPU
		{AFCE0126-4190-4E4D-B8D3-F7747FAF06D4}.Debug|Any CPU.Build.0 = Debug|Any CPU
		{AFCE0126-4190-4E4D-B8D3-F7747FAF06D4}.Release|Any CPU.ActiveCfg = Release|Any CPU
		{AFCE0126-4190-4E4D-B8D3-F7747FAF06D4}.Release|Any CPU.Build.0 = Release|Any CPU
		{106E5EA8-E46B-4EDD-8E74-429CDDC5EE61}.Debug|Any CPU.ActiveCfg = Debug|Any CPU
		{106E5EA8-E46B-4EDD-8E74-429CDDC5EE61}.Debug|Any CPU.Build.0 = Debug|Any CPU
		{106E5EA8-E46B-4EDD-8E74-429CDDC5EE61}.Release|Any CPU.ActiveCfg = Release|Any CPU
		{106E5EA8-E46B-4EDD-8E74-429CDDC5EE61}.Release|Any CPU.Build.0 = Release|Any CPU
		{B63E2FDB-7D35-499B-A7C9-11AF9CA1E542}.Debug|Any CPU.ActiveCfg = Debug|Any CPU
		{B63E2FDB-7D35-499B-A7C9-11AF9CA1E542}.Debug|Any CPU.Build.0 = Debug|Any CPU
		{B63E2FDB-7D35-499B-A7C9-11AF9CA1E542}.Release|Any CPU.ActiveCfg = Release|Any CPU
		{B63E2FDB-7D35-499B-A7C9-11AF9CA1E542}.Release|Any CPU.Build.0 = Release|Any CPU
		{8E39B787-C566-4D09-B6D0-1350187D9232}.Debug|Any CPU.ActiveCfg = Debug|Any CPU
		{8E39B787-C566-4D09-B6D0-1350187D9232}.Debug|Any CPU.Build.0 = Debug|Any CPU
		{8E39B787-C566-4D09-B6D0-1350187D9232}.Release|Any CPU.ActiveCfg = Release|Any CPU
		{8E39B787-C566-4D09-B6D0-1350187D9232}.Release|Any CPU.Build.0 = Release|Any CPU
		{7DA46DFC-821F-4823-8D4A-74566A70A9AC}.Debug|Any CPU.ActiveCfg = Debug|Any CPU
		{7DA46DFC-821F-4823-8D4A-74566A70A9AC}.Debug|Any CPU.Build.0 = Debug|Any CPU
		{7DA46DFC-821F-4823-8D4A-74566A70A9AC}.Release|Any CPU.ActiveCfg = Release|Any CPU
		{7DA46DFC-821F-4823-8D4A-74566A70A9AC}.Release|Any CPU.Build.0 = Release|Any CPU
	EndGlobalSection
	GlobalSection(SolutionProperties) = preSolution
		HideSolutionNode = FALSE
	EndGlobalSection
	GlobalSection(ExtensibilityGlobals) = postSolution
		SolutionGuid = {52D7E03C-C7F6-4DD2-9BCD-2B7590750B38}
	EndGlobalSection
EndGlobal
